
Microsoft Visual Studio Solution File, Format Version 12.00
# Visual Studio Version 16
VisualStudioVersion = 16.0.30320.27
MinimumVisualStudioVersion = 10.0.40219.1
Project("{FAE04EC0-301F-11D3-BF4B-00C04F79EFBC}") = "League", "League.csproj", "{9E8DEABF-094D-4D24-B2D4-22560F334F6E}"
EndProject
Global
	GlobalSection(SolutionConfigurationPlatforms) = preSolution
		Debug|Any CPU = Debug|Any CPU
		Release|Any CPU = Release|Any CPU
	EndGlobalSection
	GlobalSection(ProjectConfigurationPlatforms) = postSolution
		{9E8DEABF-094D-4D24-B2D4-22560F334F6E}.Debug|Any CPU.ActiveCfg = Debug|Any CPU
		{9E8DEABF-094D-4D24-B2D4-22560F334F6E}.Debug|Any CPU.Build.0 = Debug|Any CPU
		{9E8DEABF-094D-4D24-B2D4-22560F334F6E}.Release|Any CPU.ActiveCfg = Release|Any CPU
		{9E8DEABF-094D-4D24-B2D4-22560F334F6E}.Release|Any CPU.Build.0 = Release|Any CPU
	EndGlobalSection
	GlobalSection(SolutionProperties) = preSolution
		HideSolutionNode = FALSE
	EndGlobalSection
	GlobalSection(ExtensibilityGlobals) = postSolution
		SolutionGuid = {9A486F2F-5824-4E8D-80C1-AD68A6EAC0DD}
	EndGlobalSection
EndGlobal
